// !$*UTF8*$!
{
	archiveVersion = 1;
	classes = {
	};
	objectVersion = 48;
	objects = {

/* Begin PBXBuildFile section */
		421F0BC12011798700BE59AA /* web3swift.framework in Frameworks */ = {isa = PBXBuildFile; fileRef = 421F0BB72011798600BE59AA /* web3swift.framework */; };
		421F0BC62011798700BE59AA /* web3swiftTests.swift in Sources */ = {isa = PBXBuildFile; fileRef = 421F0BC52011798700BE59AA /* web3swiftTests.swift */; };
		421F0BC82011798700BE59AA /* web3swift.h in Headers */ = {isa = PBXBuildFile; fileRef = 421F0BBA2011798600BE59AA /* web3swift.h */; settings = {ATTRIBUTES = (Public, ); }; };
		4226AD8E2022915800C542C3 /* SignatureData.swift in Sources */ = {isa = PBXBuildFile; fileRef = 4226AD8D2022915800C542C3 /* SignatureData.swift */; };
		4226AD902022935D00C542C3 /* Sign.swift in Sources */ = {isa = PBXBuildFile; fileRef = 4226AD8F2022935D00C542C3 /* Sign.swift */; };
		4226AD912023CE3D00C542C3 /* String+Extension.swift in Sources */ = {isa = PBXBuildFile; fileRef = 427BDE372017F2400054F870 /* String+Extension.swift */; };
		4226AD922023CE4200C542C3 /* GethBigInt+Extension.swift in Sources */ = {isa = PBXBuildFile; fileRef = 427BDE4120191DEB0054F870 /* GethBigInt+Extension.swift */; };
		4226AD992023FCE400C542C3 /* Account.swift in Sources */ = {isa = PBXBuildFile; fileRef = 4226AD982023FCE400C542C3 /* Account.swift */; };
		422BFFE72012A9CE00899EF8 /* EthFunctionEncoder.swift in Sources */ = {isa = PBXBuildFile; fileRef = 4235D28B20128B1F00095D73 /* EthFunctionEncoder.swift */; };
		422BFFE82012AAE900899EF8 /* EthError.swift in Sources */ = {isa = PBXBuildFile; fileRef = 4235D28820128B0300095D73 /* EthError.swift */; };
		422BFFE92012AAEC00899EF8 /* EthFunction.swift in Sources */ = {isa = PBXBuildFile; fileRef = 4235D28920128B0300095D73 /* EthFunction.swift */; };
		422BFFEA2012AAEE00899EF8 /* EthType.swift in Sources */ = {isa = PBXBuildFile; fileRef = 4235D28720128B0300095D73 /* EthType.swift */; };
		422BFFEB2012AAF300899EF8 /* EthTypeEncoder.swift in Sources */ = {isa = PBXBuildFile; fileRef = 4235D28C20128B1F00095D73 /* EthTypeEncoder.swift */; };
		4269083E201A9145009EFBB6 /* CONTRIBUTING.md in Resources */ = {isa = PBXBuildFile; fileRef = 4269083D201A9145009EFBB6 /* CONTRIBUTING.md */; };
		427BDE3A20180F6B0054F870 /* EthAccountCoordinator.swift in Sources */ = {isa = PBXBuildFile; fileRef = 427BDE3920180F6B0054F870 /* EthAccountCoordinator.swift */; };
		42B0A84B2011811000FE4872 /* web3swift.podspec in Resources */ = {isa = PBXBuildFile; fileRef = 42B0A84A2011811000FE4872 /* web3swift.podspec */; };
		42B0A8502011865A00FE4872 /* LICENSE in Resources */ = {isa = PBXBuildFile; fileRef = 42B0A84F2011865A00FE4872 /* LICENSE */; };
		42B0A8532011931800FE4872 /* web3swift.swift in Sources */ = {isa = PBXBuildFile; fileRef = 42B0A8522011931800FE4872 /* web3swift.swift */; };
		8E986D6671B64E5ABDF7246F /* Pods_web3swiftTests.framework in Frameworks */ = {isa = PBXBuildFile; fileRef = DD8A0192F629A5DABC806F64 /* Pods_web3swiftTests.framework */; };
		B82E4D7EB970A99222F8ED9F /* Pods_web3swift.framework in Frameworks */ = {isa = PBXBuildFile; fileRef = B56EED7AF5E131285DFF2FD3 /* Pods_web3swift.framework */; };
		CAB5C6AE2025249900E1A379 /* CHANGELOG.md in Resources */ = {isa = PBXBuildFile; fileRef = CAB5C6AD2025249900E1A379 /* CHANGELOG.md */; };
/* End PBXBuildFile section */

/* Begin PBXContainerItemProxy section */
		421F0BD420117EE500BE59AA /* PBXContainerItemProxy */ = {
			isa = PBXContainerItemProxy;
			containerPortal = 421F0BAE2011798600BE59AA /* Project object */;
			proxyType = 1;
			remoteGlobalIDString = 421F0BB62011798600BE59AA;
			remoteInfo = EtherS;
		};
/* End PBXContainerItemProxy section */

/* Begin PBXFileReference section */
		0659C86579CDEF23AE69D10B /* Pods-web3swift.release.xcconfig */ = {isa = PBXFileReference; includeInIndex = 1; lastKnownFileType = text.xcconfig; name = "Pods-web3swift.release.xcconfig"; path = "Pods/Target Support Files/Pods-web3swift/Pods-web3swift.release.xcconfig"; sourceTree = "<group>"; };
		35AD9756ED22F4713E40EA28 /* Pods-web3swiftTests.debug.xcconfig */ = {isa = PBXFileReference; includeInIndex = 1; lastKnownFileType = text.xcconfig; name = "Pods-web3swiftTests.debug.xcconfig"; path = "Pods/Target Support Files/Pods-web3swiftTests/Pods-web3swiftTests.debug.xcconfig"; sourceTree = "<group>"; };
		421F0BB72011798600BE59AA /* web3swift.framework */ = {isa = PBXFileReference; explicitFileType = wrapper.framework; includeInIndex = 0; path = web3swift.framework; sourceTree = BUILT_PRODUCTS_DIR; };
		421F0BBA2011798600BE59AA /* web3swift.h */ = {isa = PBXFileReference; lastKnownFileType = sourcecode.c.h; path = web3swift.h; sourceTree = "<group>"; };
		421F0BBB2011798700BE59AA /* Info.plist */ = {isa = PBXFileReference; lastKnownFileType = text.plist.xml; path = Info.plist; sourceTree = "<group>"; };
		421F0BC02011798700BE59AA /* web3swiftTests.xctest */ = {isa = PBXFileReference; explicitFileType = wrapper.cfbundle; includeInIndex = 0; path = web3swiftTests.xctest; sourceTree = BUILT_PRODUCTS_DIR; };
		421F0BC52011798700BE59AA /* web3swiftTests.swift */ = {isa = PBXFileReference; lastKnownFileType = sourcecode.swift; path = web3swiftTests.swift; sourceTree = "<group>"; };
		421F0BC72011798700BE59AA /* Info.plist */ = {isa = PBXFileReference; lastKnownFileType = text.plist.xml; path = Info.plist; sourceTree = "<group>"; };
		4226AD87201AC7D500C542C3 /* README.md */ = {isa = PBXFileReference; lastKnownFileType = net.daringfireball.markdown; path = README.md; sourceTree = "<group>"; };
		4226AD8D2022915800C542C3 /* SignatureData.swift */ = {isa = PBXFileReference; lastKnownFileType = sourcecode.swift; path = SignatureData.swift; sourceTree = "<group>"; };
		4226AD8F2022935D00C542C3 /* Sign.swift */ = {isa = PBXFileReference; lastKnownFileType = sourcecode.swift; path = Sign.swift; sourceTree = "<group>"; };
		4226AD982023FCE400C542C3 /* Account.swift */ = {isa = PBXFileReference; lastKnownFileType = sourcecode.swift; path = Account.swift; sourceTree = "<group>"; };
		4235D28720128B0300095D73 /* EthType.swift */ = {isa = PBXFileReference; lastKnownFileType = sourcecode.swift; path = EthType.swift; sourceTree = "<group>"; };
		4235D28820128B0300095D73 /* EthError.swift */ = {isa = PBXFileReference; lastKnownFileType = sourcecode.swift; path = EthError.swift; sourceTree = "<group>"; };
		4235D28920128B0300095D73 /* EthFunction.swift */ = {isa = PBXFileReference; lastKnownFileType = sourcecode.swift; path = EthFunction.swift; sourceTree = "<group>"; };
		4235D28B20128B1F00095D73 /* EthFunctionEncoder.swift */ = {isa = PBXFileReference; lastKnownFileType = sourcecode.swift; path = EthFunctionEncoder.swift; sourceTree = "<group>"; };
		4235D28C20128B1F00095D73 /* EthTypeEncoder.swift */ = {isa = PBXFileReference; lastKnownFileType = sourcecode.swift; path = EthTypeEncoder.swift; sourceTree = "<group>"; };
		4269083D201A9145009EFBB6 /* CONTRIBUTING.md */ = {isa = PBXFileReference; fileEncoding = 4; lastKnownFileType = net.daringfireball.markdown; path = CONTRIBUTING.md; sourceTree = SOURCE_ROOT; };
		427BDE372017F2400054F870 /* String+Extension.swift */ = {isa = PBXFileReference; lastKnownFileType = sourcecode.swift; path = "String+Extension.swift"; sourceTree = "<group>"; };
		427BDE3920180F6B0054F870 /* EthAccountCoordinator.swift */ = {isa = PBXFileReference; lastKnownFileType = sourcecode.swift; path = EthAccountCoordinator.swift; sourceTree = "<group>"; };
		427BDE4120191DEB0054F870 /* GethBigInt+Extension.swift */ = {isa = PBXFileReference; lastKnownFileType = sourcecode.swift; path = "GethBigInt+Extension.swift"; sourceTree = "<group>"; };
		42A82AD12016841D007290BD /* Geth.framework */ = {isa = PBXFileReference; lastKnownFileType = wrapper.framework; path = Geth.framework; sourceTree = "<group>"; };
		42B0A84A2011811000FE4872 /* web3swift.podspec */ = {isa = PBXFileReference; fileEncoding = 4; lastKnownFileType = text; path = web3swift.podspec; sourceTree = SOURCE_ROOT; xcLanguageSpecificationIdentifier = xcode.lang.ruby; };
		42B0A84F2011865A00FE4872 /* LICENSE */ = {isa = PBXFileReference; lastKnownFileType = text; path = LICENSE; sourceTree = "<group>"; };
		42B0A8522011931800FE4872 /* web3swift.swift */ = {isa = PBXFileReference; lastKnownFileType = sourcecode.swift; path = web3swift.swift; sourceTree = "<group>"; };
		B56EED7AF5E131285DFF2FD3 /* Pods_web3swift.framework */ = {isa = PBXFileReference; explicitFileType = wrapper.framework; includeInIndex = 0; path = Pods_web3swift.framework; sourceTree = BUILT_PRODUCTS_DIR; };
		CAB5C6AD2025249900E1A379 /* CHANGELOG.md */ = {isa = PBXFileReference; fileEncoding = 4; lastKnownFileType = net.daringfireball.markdown; path = CHANGELOG.md; sourceTree = "<group>"; };
		DD8A0192F629A5DABC806F64 /* Pods_web3swiftTests.framework */ = {isa = PBXFileReference; explicitFileType = wrapper.framework; includeInIndex = 0; path = Pods_web3swiftTests.framework; sourceTree = BUILT_PRODUCTS_DIR; };
		ED2B068C99DC33C768476A47 /* Pods-web3swift.debug.xcconfig */ = {isa = PBXFileReference; includeInIndex = 1; lastKnownFileType = text.xcconfig; name = "Pods-web3swift.debug.xcconfig"; path = "Pods/Target Support Files/Pods-web3swift/Pods-web3swift.debug.xcconfig"; sourceTree = "<group>"; };
		FCCBD867E3A8461BD76E9BC2 /* Pods-web3swiftTests.release.xcconfig */ = {isa = PBXFileReference; includeInIndex = 1; lastKnownFileType = text.xcconfig; name = "Pods-web3swiftTests.release.xcconfig"; path = "Pods/Target Support Files/Pods-web3swiftTests/Pods-web3swiftTests.release.xcconfig"; sourceTree = "<group>"; };
/* End PBXFileReference section */

/* Begin PBXFrameworksBuildPhase section */
		421F0BB32011798600BE59AA /* Frameworks */ = {
			isa = PBXFrameworksBuildPhase;
			buildActionMask = 2147483647;
			files = (
				B82E4D7EB970A99222F8ED9F /* Pods_web3swift.framework in Frameworks */,
			);
			runOnlyForDeploymentPostprocessing = 0;
		};
		421F0BBD2011798700BE59AA /* Frameworks */ = {
			isa = PBXFrameworksBuildPhase;
			buildActionMask = 2147483647;
			files = (
				421F0BC12011798700BE59AA /* web3swift.framework in Frameworks */,
				8E986D6671B64E5ABDF7246F /* Pods_web3swiftTests.framework in Frameworks */,
			);
			runOnlyForDeploymentPostprocessing = 0;
		};
/* End PBXFrameworksBuildPhase section */

/* Begin PBXGroup section */
		421F0BAD2011798600BE59AA = {
			isa = PBXGroup;
			children = (
				421F0BD220117B4200BE59AA /* Deployment */,
				42B0A851201186AD00FE4872 /* Documentation */,
				42A82AD02016841C007290BD /* Frameworks */,
				7FB02B7116E85A2EA66D026D /* Pods */,
				421F0BB82011798600BE59AA /* Products */,
				421F0BB92011798600BE59AA /* Source */,
				421F0BC42011798700BE59AA /* Tests */,
			);
			sourceTree = "<group>";
		};
		421F0BB82011798600BE59AA /* Products */ = {
			isa = PBXGroup;
			children = (
				421F0BB72011798600BE59AA /* web3swift.framework */,
				421F0BC02011798700BE59AA /* web3swiftTests.xctest */,
			);
			name = Products;
			sourceTree = "<group>";
		};
		421F0BB92011798600BE59AA /* Source */ = {
			isa = PBXGroup;
			children = (
				4235D28520128AE200095D73 /* Abi */,
				427BDE3820180F450054F870 /* Component */,
				4226AD8C2022912500C542C3 /* Crypto */,
				427BDE362017F18A0054F870 /* Extension */,
				4226AD972023FCC500C542C3 /* Geth */,
				42B0A8542012839300FE4872 /* Supporting Files */,
				42B0A8522011931800FE4872 /* web3swift.swift */,
			);
			path = Source;
			sourceTree = "<group>";
		};
		421F0BC42011798700BE59AA /* Tests */ = {
			isa = PBXGroup;
			children = (
				421F0BC52011798700BE59AA /* web3swiftTests.swift */,
				421F0BC72011798700BE59AA /* Info.plist */,
			);
			path = Tests;
			sourceTree = "<group>";
		};
		421F0BD220117B4200BE59AA /* Deployment */ = {
			isa = PBXGroup;
			children = (
				42B0A84A2011811000FE4872 /* web3swift.podspec */,
				42B0A84F2011865A00FE4872 /* LICENSE */,
			);
			name = Deployment;
			sourceTree = "<group>";
		};
		4226AD8C2022912500C542C3 /* Crypto */ = {
			isa = PBXGroup;
			children = (
				4226AD8F2022935D00C542C3 /* Sign.swift */,
				4226AD8D2022915800C542C3 /* SignatureData.swift */,
			);
			path = Crypto;
			sourceTree = "<group>";
		};
		4226AD972023FCC500C542C3 /* Geth */ = {
			isa = PBXGroup;
			children = (
				4226AD982023FCE400C542C3 /* Account.swift */,
			);
			path = Geth;
			sourceTree = "<group>";
		};
		4235D28520128AE200095D73 /* Abi */ = {
			isa = PBXGroup;
			children = (
				4235D28620128AED00095D73 /* DataTypes */,
				4235D28B20128B1F00095D73 /* EthFunctionEncoder.swift */,
				4235D28C20128B1F00095D73 /* EthTypeEncoder.swift */,
			);
			path = Abi;
			sourceTree = "<group>";
		};
		4235D28620128AED00095D73 /* DataTypes */ = {
			isa = PBXGroup;
			children = (
				4235D28820128B0300095D73 /* EthError.swift */,
				4235D28920128B0300095D73 /* EthFunction.swift */,
				4235D28720128B0300095D73 /* EthType.swift */,
			);
			path = DataTypes;
			sourceTree = "<group>";
		};
		427BDE362017F18A0054F870 /* Extension */ = {
			isa = PBXGroup;
			children = (
				427BDE4120191DEB0054F870 /* GethBigInt+Extension.swift */,
				427BDE372017F2400054F870 /* String+Extension.swift */,
			);
			path = Extension;
			sourceTree = "<group>";
		};
		427BDE3820180F450054F870 /* Component */ = {
			isa = PBXGroup;
			children = (
				427BDE3920180F6B0054F870 /* EthAccountCoordinator.swift */,
			);
			path = Component;
			sourceTree = "<group>";
		};
		42A82AD02016841C007290BD /* Frameworks */ = {
			isa = PBXGroup;
			children = (
				42A82AD12016841D007290BD /* Geth.framework */,
				B56EED7AF5E131285DFF2FD3 /* Pods_web3swift.framework */,
				DD8A0192F629A5DABC806F64 /* Pods_web3swiftTests.framework */,
			);
			name = Frameworks;
			sourceTree = "<group>";
		};
		42B0A851201186AD00FE4872 /* Documentation */ = {
			isa = PBXGroup;
			children = (
				CAB5C6AD2025249900E1A379 /* CHANGELOG.md */,
				4269083D201A9145009EFBB6 /* CONTRIBUTING.md */,
				4226AD87201AC7D500C542C3 /* README.md */,
			);
			name = Documentation;
			sourceTree = "<group>";
		};
		42B0A8542012839300FE4872 /* Supporting Files */ = {
			isa = PBXGroup;
			children = (
				421F0BBA2011798600BE59AA /* web3swift.h */,
				421F0BBB2011798700BE59AA /* Info.plist */,
			);
			name = "Supporting Files";
			sourceTree = "<group>";
		};
		7FB02B7116E85A2EA66D026D /* Pods */ = {
			isa = PBXGroup;
			children = (
				ED2B068C99DC33C768476A47 /* Pods-web3swift.debug.xcconfig */,
				0659C86579CDEF23AE69D10B /* Pods-web3swift.release.xcconfig */,
				35AD9756ED22F4713E40EA28 /* Pods-web3swiftTests.debug.xcconfig */,
				FCCBD867E3A8461BD76E9BC2 /* Pods-web3swiftTests.release.xcconfig */,
			);
			name = Pods;
			sourceTree = "<group>";
		};
/* End PBXGroup section */

/* Begin PBXHeadersBuildPhase section */
		421F0BB42011798600BE59AA /* Headers */ = {
			isa = PBXHeadersBuildPhase;
			buildActionMask = 2147483647;
			files = (
				421F0BC82011798700BE59AA /* web3swift.h in Headers */,
			);
			runOnlyForDeploymentPostprocessing = 0;
		};
/* End PBXHeadersBuildPhase section */

/* Begin PBXNativeTarget section */
		421F0BB62011798600BE59AA /* web3swift */ = {
			isa = PBXNativeTarget;
			buildConfigurationList = 421F0BCB2011798700BE59AA /* Build configuration list for PBXNativeTarget "web3swift" */;
			buildPhases = (
				FD3DD444E2ECF9C682F59280 /* [CP] Check Pods Manifest.lock */,
				421F0BB22011798600BE59AA /* Sources */,
				421F0BB32011798600BE59AA /* Frameworks */,
				421F0BB42011798600BE59AA /* Headers */,
				421F0BB52011798600BE59AA /* Resources */,
				A5AE38AF7C50FDA686772158 /* [CP] Copy Pods Resources */,
			);
			buildRules = (
			);
			dependencies = (
			);
			name = web3swift;
			productName = EtherS;
			productReference = 421F0BB72011798600BE59AA /* web3swift.framework */;
			productType = "com.apple.product-type.framework";
		};
		421F0BBF2011798700BE59AA /* web3swiftTests */ = {
			isa = PBXNativeTarget;
			buildConfigurationList = 421F0BCE2011798700BE59AA /* Build configuration list for PBXNativeTarget "web3swiftTests" */;
			buildPhases = (
				D3996A21066DC2D04531203D /* [CP] Check Pods Manifest.lock */,
				421F0BBC2011798700BE59AA /* Sources */,
				421F0BBD2011798700BE59AA /* Frameworks */,
				421F0BBE2011798700BE59AA /* Resources */,
				5360CB585F64660DE066ADC6 /* [CP] Embed Pods Frameworks */,
				B636BE71ED8C1539B1BBA0CB /* [CP] Copy Pods Resources */,
			);
			buildRules = (
			);
			dependencies = (
				421F0BD520117EE500BE59AA /* PBXTargetDependency */,
			);
			name = web3swiftTests;
			productName = EtherSTests;
			productReference = 421F0BC02011798700BE59AA /* web3swiftTests.xctest */;
			productType = "com.apple.product-type.bundle.unit-test";
		};
/* End PBXNativeTarget section */

/* Begin PBXProject section */
		421F0BAE2011798600BE59AA /* Project object */ = {
			isa = PBXProject;
			attributes = {
				LastSwiftUpdateCheck = 0920;
				LastUpgradeCheck = 0920;
				ORGANIZATIONNAME = "Radical App LLC";
				TargetAttributes = {
					421F0BB62011798600BE59AA = {
						CreatedOnToolsVersion = 9.2;
						LastSwiftMigration = 0920;
						ProvisioningStyle = Automatic;
					};
					421F0BBF2011798700BE59AA = {
						CreatedOnToolsVersion = 9.2;
						ProvisioningStyle = Automatic;
					};
				};
			};
			buildConfigurationList = 421F0BB12011798600BE59AA /* Build configuration list for PBXProject "web3swift" */;
			compatibilityVersion = "Xcode 8.0";
			developmentRegion = en;
			hasScannedForEncodings = 0;
			knownRegions = (
				en,
			);
			mainGroup = 421F0BAD2011798600BE59AA;
			productRefGroup = 421F0BB82011798600BE59AA /* Products */;
			projectDirPath = "";
			projectRoot = "";
			targets = (
				421F0BB62011798600BE59AA /* web3swift */,
				421F0BBF2011798700BE59AA /* web3swiftTests */,
			);
		};
/* End PBXProject section */

/* Begin PBXResourcesBuildPhase section */
		421F0BB52011798600BE59AA /* Resources */ = {
			isa = PBXResourcesBuildPhase;
			buildActionMask = 2147483647;
			files = (
				4269083E201A9145009EFBB6 /* CONTRIBUTING.md in Resources */,
				42B0A8502011865A00FE4872 /* LICENSE in Resources */,
				42B0A84B2011811000FE4872 /* web3swift.podspec in Resources */,
				CAB5C6AE2025249900E1A379 /* CHANGELOG.md in Resources */,
			);
			runOnlyForDeploymentPostprocessing = 0;
		};
		421F0BBE2011798700BE59AA /* Resources */ = {
			isa = PBXResourcesBuildPhase;
			buildActionMask = 2147483647;
			files = (
			);
			runOnlyForDeploymentPostprocessing = 0;
		};
/* End PBXResourcesBuildPhase section */

/* Begin PBXShellScriptBuildPhase section */
		5360CB585F64660DE066ADC6 /* [CP] Embed Pods Frameworks */ = {
			isa = PBXShellScriptBuildPhase;
			buildActionMask = 2147483647;
			files = (
			);
			inputPaths = (
				"${SRCROOT}/Pods/Target Support Files/Pods-web3swiftTests/Pods-web3swiftTests-frameworks.sh",
				"${BUILT_PRODUCTS_DIR}/CryptoSwift/CryptoSwift.framework",
			);
			name = "[CP] Embed Pods Frameworks";
			outputPaths = (
				"${TARGET_BUILD_DIR}/${FRAMEWORKS_FOLDER_PATH}/CryptoSwift.framework",
			);
			runOnlyForDeploymentPostprocessing = 0;
			shellPath = /bin/sh;
			shellScript = "\"${SRCROOT}/Pods/Target Support Files/Pods-web3swiftTests/Pods-web3swiftTests-frameworks.sh\"\n";
			showEnvVarsInLog = 0;
		};
		A5AE38AF7C50FDA686772158 /* [CP] Copy Pods Resources */ = {
			isa = PBXShellScriptBuildPhase;
			buildActionMask = 2147483647;
			files = (
			);
			inputPaths = (
			);
			name = "[CP] Copy Pods Resources";
			outputPaths = (
			);
			runOnlyForDeploymentPostprocessing = 0;
			shellPath = /bin/sh;
			shellScript = "\"${SRCROOT}/Pods/Target Support Files/Pods-web3swift/Pods-web3swift-resources.sh\"\n";
			showEnvVarsInLog = 0;
		};
		B636BE71ED8C1539B1BBA0CB /* [CP] Copy Pods Resources */ = {
			isa = PBXShellScriptBuildPhase;
			buildActionMask = 2147483647;
			files = (
			);
			inputPaths = (
			);
			name = "[CP] Copy Pods Resources";
			outputPaths = (
			);
			runOnlyForDeploymentPostprocessing = 0;
			shellPath = /bin/sh;
			shellScript = "\"${SRCROOT}/Pods/Target Support Files/Pods-web3swiftTests/Pods-web3swiftTests-resources.sh\"\n";
			showEnvVarsInLog = 0;
		};
		D3996A21066DC2D04531203D /* [CP] Check Pods Manifest.lock */ = {
			isa = PBXShellScriptBuildPhase;
			buildActionMask = 2147483647;
			files = (
			);
			inputPaths = (
				"${PODS_PODFILE_DIR_PATH}/Podfile.lock",
				"${PODS_ROOT}/Manifest.lock",
			);
			name = "[CP] Check Pods Manifest.lock";
			outputPaths = (
				"$(DERIVED_FILE_DIR)/Pods-web3swiftTests-checkManifestLockResult.txt",
			);
			runOnlyForDeploymentPostprocessing = 0;
			shellPath = /bin/sh;
			shellScript = "diff \"${PODS_PODFILE_DIR_PATH}/Podfile.lock\" \"${PODS_ROOT}/Manifest.lock\" > /dev/null\nif [ $? != 0 ] ; then\n    # print error to STDERR\n    echo \"error: The sandbox is not in sync with the Podfile.lock. Run 'pod install' or update your CocoaPods installation.\" >&2\n    exit 1\nfi\n# This output is used by Xcode 'outputs' to avoid re-running this script phase.\necho \"SUCCESS\" > \"${SCRIPT_OUTPUT_FILE_0}\"\n";
			showEnvVarsInLog = 0;
		};
		FD3DD444E2ECF9C682F59280 /* [CP] Check Pods Manifest.lock */ = {
			isa = PBXShellScriptBuildPhase;
			buildActionMask = 2147483647;
			files = (
			);
			inputPaths = (
				"${PODS_PODFILE_DIR_PATH}/Podfile.lock",
				"${PODS_ROOT}/Manifest.lock",
			);
			name = "[CP] Check Pods Manifest.lock";
			outputPaths = (
				"$(DERIVED_FILE_DIR)/Pods-web3swift-checkManifestLockResult.txt",
			);
			runOnlyForDeploymentPostprocessing = 0;
			shellPath = /bin/sh;
			shellScript = "diff \"${PODS_PODFILE_DIR_PATH}/Podfile.lock\" \"${PODS_ROOT}/Manifest.lock\" > /dev/null\nif [ $? != 0 ] ; then\n    # print error to STDERR\n    echo \"error: The sandbox is not in sync with the Podfile.lock. Run 'pod install' or update your CocoaPods installation.\" >&2\n    exit 1\nfi\n# This output is used by Xcode 'outputs' to avoid re-running this script phase.\necho \"SUCCESS\" > \"${SCRIPT_OUTPUT_FILE_0}\"\n";
			showEnvVarsInLog = 0;
		};
/* End PBXShellScriptBuildPhase section */

/* Begin PBXSourcesBuildPhase section */
		421F0BB22011798600BE59AA /* Sources */ = {
			isa = PBXSourcesBuildPhase;
			buildActionMask = 2147483647;
			files = (
				427BDE3A20180F6B0054F870 /* EthAccountCoordinator.swift in Sources */,
				422BFFEA2012AAEE00899EF8 /* EthType.swift in Sources */,
				4226AD902022935D00C542C3 /* Sign.swift in Sources */,
				4226AD8E2022915800C542C3 /* SignatureData.swift in Sources */,
				422BFFE72012A9CE00899EF8 /* EthFunctionEncoder.swift in Sources */,
				4226AD992023FCE400C542C3 /* Account.swift in Sources */,
				422BFFEB2012AAF300899EF8 /* EthTypeEncoder.swift in Sources */,
				42B0A8532011931800FE4872 /* web3swift.swift in Sources */,
				422BFFE82012AAE900899EF8 /* EthError.swift in Sources */,
				4226AD922023CE4200C542C3 /* GethBigInt+Extension.swift in Sources */,
				4226AD912023CE3D00C542C3 /* String+Extension.swift in Sources */,
				422BFFE92012AAEC00899EF8 /* EthFunction.swift in Sources */,
			);
			runOnlyForDeploymentPostprocessing = 0;
		};
		421F0BBC2011798700BE59AA /* Sources */ = {
			isa = PBXSourcesBuildPhase;
			buildActionMask = 2147483647;
			files = (
				421F0BC62011798700BE59AA /* web3swiftTests.swift in Sources */,
			);
			runOnlyForDeploymentPostprocessing = 0;
		};
/* End PBXSourcesBuildPhase section */

/* Begin PBXTargetDependency section */
		421F0BD520117EE500BE59AA /* PBXTargetDependency */ = {
			isa = PBXTargetDependency;
			target = 421F0BB62011798600BE59AA /* web3swift */;
			targetProxy = 421F0BD420117EE500BE59AA /* PBXContainerItemProxy */;
		};
/* End PBXTargetDependency section */

/* Begin XCBuildConfiguration section */
		421F0BC92011798700BE59AA /* Debug */ = {
			isa = XCBuildConfiguration;
			buildSettings = {
				ALWAYS_SEARCH_USER_PATHS = NO;
				CLANG_ANALYZER_NONNULL = YES;
				CLANG_ANALYZER_NUMBER_OBJECT_CONVERSION = YES_AGGRESSIVE;
				CLANG_CXX_LANGUAGE_STANDARD = "gnu++14";
				CLANG_CXX_LIBRARY = "libc++";
				CLANG_ENABLE_MODULES = YES;
				CLANG_ENABLE_OBJC_ARC = YES;
				CLANG_WARN_BLOCK_CAPTURE_AUTORELEASING = YES;
				CLANG_WARN_BOOL_CONVERSION = YES;
				CLANG_WARN_COMMA = YES;
				CLANG_WARN_CONSTANT_CONVERSION = YES;
				CLANG_WARN_DIRECT_OBJC_ISA_USAGE = YES_ERROR;
				CLANG_WARN_DOCUMENTATION_COMMENTS = YES;
				CLANG_WARN_EMPTY_BODY = YES;
				CLANG_WARN_ENUM_CONVERSION = YES;
				CLANG_WARN_INFINITE_RECURSION = YES;
				CLANG_WARN_INT_CONVERSION = YES;
				CLANG_WARN_NON_LITERAL_NULL_CONVERSION = YES;
				CLANG_WARN_OBJC_LITERAL_CONVERSION = YES;
				CLANG_WARN_OBJC_ROOT_CLASS = YES_ERROR;
				CLANG_WARN_RANGE_LOOP_ANALYSIS = YES;
				CLANG_WARN_STRICT_PROTOTYPES = YES;
				CLANG_WARN_SUSPICIOUS_MOVE = YES;
				CLANG_WARN_UNGUARDED_AVAILABILITY = YES_AGGRESSIVE;
				CLANG_WARN_UNREACHABLE_CODE = YES;
				CLANG_WARN__DUPLICATE_METHOD_MATCH = YES;
				CODE_SIGN_IDENTITY = "iPhone Developer";
				COPY_PHASE_STRIP = NO;
				CURRENT_PROJECT_VERSION = 1;
				DEBUG_INFORMATION_FORMAT = dwarf;
				ENABLE_BITCODE = NO;
				ENABLE_STRICT_OBJC_MSGSEND = YES;
				ENABLE_TESTABILITY = YES;
				GCC_C_LANGUAGE_STANDARD = gnu11;
				GCC_DYNAMIC_NO_PIC = NO;
				GCC_NO_COMMON_BLOCKS = YES;
				GCC_OPTIMIZATION_LEVEL = 0;
				GCC_PREPROCESSOR_DEFINITIONS = (
					"DEBUG=1",
					"$(inherited)",
				);
				GCC_WARN_64_TO_32_BIT_CONVERSION = YES;
				GCC_WARN_ABOUT_RETURN_TYPE = YES_ERROR;
				GCC_WARN_UNDECLARED_SELECTOR = YES;
				GCC_WARN_UNINITIALIZED_AUTOS = YES_AGGRESSIVE;
				GCC_WARN_UNUSED_FUNCTION = YES;
				GCC_WARN_UNUSED_VARIABLE = YES;
				IPHONEOS_DEPLOYMENT_TARGET = 9.0;
				MTL_ENABLE_DEBUG_INFO = YES;
				ONLY_ACTIVE_ARCH = YES;
				SDKROOT = iphoneos;
				SWIFT_ACTIVE_COMPILATION_CONDITIONS = DEBUG;
				SWIFT_OBJC_INTERFACE_HEADER_NAME = "Source/$(SWIFT_MODULE_NAME)-Swift.h";
				SWIFT_OPTIMIZATION_LEVEL = "-Onone";
				VERSIONING_SYSTEM = "apple-generic";
				VERSION_INFO_PREFIX = "";
			};
			name = Debug;
		};
		421F0BCA2011798700BE59AA /* Release */ = {
			isa = XCBuildConfiguration;
			buildSettings = {
				ALWAYS_SEARCH_USER_PATHS = NO;
				CLANG_ANALYZER_NONNULL = YES;
				CLANG_ANALYZER_NUMBER_OBJECT_CONVERSION = YES_AGGRESSIVE;
				CLANG_CXX_LANGUAGE_STANDARD = "gnu++14";
				CLANG_CXX_LIBRARY = "libc++";
				CLANG_ENABLE_MODULES = YES;
				CLANG_ENABLE_OBJC_ARC = YES;
				CLANG_WARN_BLOCK_CAPTURE_AUTORELEASING = YES;
				CLANG_WARN_BOOL_CONVERSION = YES;
				CLANG_WARN_COMMA = YES;
				CLANG_WARN_CONSTANT_CONVERSION = YES;
				CLANG_WARN_DIRECT_OBJC_ISA_USAGE = YES_ERROR;
				CLANG_WARN_DOCUMENTATION_COMMENTS = YES;
				CLANG_WARN_EMPTY_BODY = YES;
				CLANG_WARN_ENUM_CONVERSION = YES;
				CLANG_WARN_INFINITE_RECURSION = YES;
				CLANG_WARN_INT_CONVERSION = YES;
				CLANG_WARN_NON_LITERAL_NULL_CONVERSION = YES;
				CLANG_WARN_OBJC_LITERAL_CONVERSION = YES;
				CLANG_WARN_OBJC_ROOT_CLASS = YES_ERROR;
				CLANG_WARN_RANGE_LOOP_ANALYSIS = YES;
				CLANG_WARN_STRICT_PROTOTYPES = YES;
				CLANG_WARN_SUSPICIOUS_MOVE = YES;
				CLANG_WARN_UNGUARDED_AVAILABILITY = YES_AGGRESSIVE;
				CLANG_WARN_UNREACHABLE_CODE = YES;
				CLANG_WARN__DUPLICATE_METHOD_MATCH = YES;
				CODE_SIGN_IDENTITY = "iPhone Developer";
				COPY_PHASE_STRIP = NO;
				CURRENT_PROJECT_VERSION = 1;
				DEBUG_INFORMATION_FORMAT = "dwarf-with-dsym";
				ENABLE_BITCODE = NO;
				ENABLE_NS_ASSERTIONS = NO;
				ENABLE_STRICT_OBJC_MSGSEND = YES;
				GCC_C_LANGUAGE_STANDARD = gnu11;
				GCC_NO_COMMON_BLOCKS = YES;
				GCC_WARN_64_TO_32_BIT_CONVERSION = YES;
				GCC_WARN_ABOUT_RETURN_TYPE = YES_ERROR;
				GCC_WARN_UNDECLARED_SELECTOR = YES;
				GCC_WARN_UNINITIALIZED_AUTOS = YES_AGGRESSIVE;
				GCC_WARN_UNUSED_FUNCTION = YES;
				GCC_WARN_UNUSED_VARIABLE = YES;
				IPHONEOS_DEPLOYMENT_TARGET = 9.0;
				MTL_ENABLE_DEBUG_INFO = NO;
				SDKROOT = iphoneos;
				SWIFT_OBJC_INTERFACE_HEADER_NAME = "Source/$(SWIFT_MODULE_NAME)-Swift.h";
				SWIFT_OPTIMIZATION_LEVEL = "-Owholemodule";
				VALIDATE_PRODUCT = YES;
				VERSIONING_SYSTEM = "apple-generic";
				VERSION_INFO_PREFIX = "";
			};
			name = Release;
		};
		421F0BCC2011798700BE59AA /* Debug */ = {
			isa = XCBuildConfiguration;
			baseConfigurationReference = ED2B068C99DC33C768476A47 /* Pods-web3swift.debug.xcconfig */;
			buildSettings = {
				ALWAYS_EMBED_SWIFT_STANDARD_LIBRARIES = "$(inherited)";
				CLANG_ENABLE_MODULES = YES;
				CODE_SIGN_IDENTITY = "";
				CODE_SIGN_STYLE = Automatic;
				DEFINES_MODULE = YES;
				DEVELOPMENT_TEAM = 3K22BUS8RL;
				DYLIB_COMPATIBILITY_VERSION = 1;
				DYLIB_CURRENT_VERSION = 1;
				DYLIB_INSTALL_NAME_BASE = "@rpath";
				ENABLE_BITCODE = NO;
				FRAMEWORK_SEARCH_PATHS = (
					"$(inherited)",
					"$(PROJECT_DIR)",
				);
				INFOPLIST_FILE = "$(SRCROOT)/Source/Info.plist";
				INSTALL_PATH = "$(LOCAL_LIBRARY_DIR)/Frameworks";
				IPHONEOS_DEPLOYMENT_TARGET = 9.0;
				LD_RUNPATH_SEARCH_PATHS = "$(inherited) @executable_path/Frameworks @loader_path/Frameworks";
				OTHER_LDFLAGS = (
					"$(inherited)",
					"-ObjC",
				);
				PRODUCT_BUNDLE_IDENTIFIER = com.radicalapp.web3swift;
				PRODUCT_NAME = "$(TARGET_NAME:c99extidentifier)";
				SKIP_INSTALL = YES;
				SWIFT_OPTIMIZATION_LEVEL = "-Onone";
				SWIFT_VERSION = 4.0;
				TARGETED_DEVICE_FAMILY = "1,2";
			};
			name = Debug;
		};
		421F0BCD2011798700BE59AA /* Release */ = {
			isa = XCBuildConfiguration;
			baseConfigurationReference = 0659C86579CDEF23AE69D10B /* Pods-web3swift.release.xcconfig */;
			buildSettings = {
				ALWAYS_EMBED_SWIFT_STANDARD_LIBRARIES = "$(inherited)";
				CLANG_ENABLE_MODULES = YES;
				CODE_SIGN_IDENTITY = "";
				CODE_SIGN_STYLE = Automatic;
				DEFINES_MODULE = YES;
				DEVELOPMENT_TEAM = 3K22BUS8RL;
				DYLIB_COMPATIBILITY_VERSION = 1;
				DYLIB_CURRENT_VERSION = 1;
				DYLIB_INSTALL_NAME_BASE = "@rpath";
				ENABLE_BITCODE = NO;
				FRAMEWORK_SEARCH_PATHS = (
					"$(inherited)",
					"$(PROJECT_DIR)",
				);
				INFOPLIST_FILE = "$(SRCROOT)/Source/Info.plist";
				INSTALL_PATH = "$(LOCAL_LIBRARY_DIR)/Frameworks";
				IPHONEOS_DEPLOYMENT_TARGET = 9.0;
				LD_RUNPATH_SEARCH_PATHS = "$(inherited) @executable_path/Frameworks @loader_path/Frameworks";
				OTHER_LDFLAGS = (
					"$(inherited)",
					"-ObjC",
				);
				PRODUCT_BUNDLE_IDENTIFIER = com.radicalapp.web3swift;
				PRODUCT_NAME = "$(TARGET_NAME:c99extidentifier)";
				SKIP_INSTALL = YES;
				SWIFT_VERSION = 4.0;
				TARGETED_DEVICE_FAMILY = "1,2";
			};
			name = Release;
		};
		421F0BCF2011798700BE59AA /* Debug */ = {
			isa = XCBuildConfiguration;
			baseConfigurationReference = 35AD9756ED22F4713E40EA28 /* Pods-web3swiftTests.debug.xcconfig */;
			buildSettings = {
				ALWAYS_EMBED_SWIFT_STANDARD_LIBRARIES = "$(inherited)";
				CODE_SIGN_STYLE = Automatic;
				DEVELOPMENT_TEAM = 3K22BUS8RL;
				INFOPLIST_FILE = Tests/Info.plist;
				LD_RUNPATH_SEARCH_PATHS = "$(inherited) @executable_path/Frameworks @loader_path/Frameworks";
				PRODUCT_BUNDLE_IDENTIFIER = com.radicalapp.web3swiftTests;
				PRODUCT_NAME = "$(TARGET_NAME)";
				SWIFT_VERSION = 4.0;
				TARGETED_DEVICE_FAMILY = "1,2";
			};
			name = Debug;
		};
		421F0BD02011798700BE59AA /* Release */ = {
			isa = XCBuildConfiguration;
			baseConfigurationReference = FCCBD867E3A8461BD76E9BC2 /* Pods-web3swiftTests.release.xcconfig */;
			buildSettings = {
				ALWAYS_EMBED_SWIFT_STANDARD_LIBRARIES = "$(inherited)";
				CODE_SIGN_STYLE = Automatic;
				DEVELOPMENT_TEAM = 3K22BUS8RL;
				INFOPLIST_FILE = Tests/Info.plist;
				LD_RUNPATH_SEARCH_PATHS = "$(inherited) @executable_path/Frameworks @loader_path/Frameworks";
				PRODUCT_BUNDLE_IDENTIFIER = com.radicalapp.web3swiftTests;
				PRODUCT_NAME = "$(TARGET_NAME)";
				SWIFT_VERSION = 4.0;
				TARGETED_DEVICE_FAMILY = "1,2";
			};
			name = Release;
		};
/* End XCBuildConfiguration section */

/* Begin XCConfigurationList section */
		421F0BB12011798600BE59AA /* Build configuration list for PBXProject "web3swift" */ = {
			isa = XCConfigurationList;
			buildConfigurations = (
				421F0BC92011798700BE59AA /* Debug */,
				421F0BCA2011798700BE59AA /* Release */,
			);
			defaultConfigurationIsVisible = 0;
			defaultConfigurationName = Release;
		};
		421F0BCB2011798700BE59AA /* Build configuration list for PBXNativeTarget "web3swift" */ = {
			isa = XCConfigurationList;
			buildConfigurations = (
				421F0BCC2011798700BE59AA /* Debug */,
				421F0BCD2011798700BE59AA /* Release */,
			);
			defaultConfigurationIsVisible = 0;
			defaultConfigurationName = Release;
		};
		421F0BCE2011798700BE59AA /* Build configuration list for PBXNativeTarget "web3swiftTests" */ = {
			isa = XCConfigurationList;
			buildConfigurations = (
				421F0BCF2011798700BE59AA /* Debug */,
				421F0BD02011798700BE59AA /* Release */,
			);
			defaultConfigurationIsVisible = 0;
			defaultConfigurationName = Release;
		};
/* End XCConfigurationList section */
	};
	rootObject = 421F0BAE2011798600BE59AA /* Project object */;
}
