// !$*UTF8*$!
{
	archiveVersion = 1;
	classes = {
	};
	objectVersion = 48;
	objects = {

/* Begin PBXBuildFile section */
		4235D28320128A6000095D73 /* EtherS.framework in Frameworks */ = {isa = PBXBuildFile; fileRef = 4235D28420128A6000095D73 /* EtherS.framework */; };
		42B0A8B32012852500FE4872 /* AppDelegate.swift in Sources */ = {isa = PBXBuildFile; fileRef = 42B0A8B22012852500FE4872 /* AppDelegate.swift */; };
		42B0A8B52012852500FE4872 /* ViewController.swift in Sources */ = {isa = PBXBuildFile; fileRef = 42B0A8B42012852500FE4872 /* ViewController.swift */; };
		42B0A8B82012852500FE4872 /* Main.storyboard in Resources */ = {isa = PBXBuildFile; fileRef = 42B0A8B62012852500FE4872 /* Main.storyboard */; };
		42B0A8BA2012852500FE4872 /* Assets.xcassets in Resources */ = {isa = PBXBuildFile; fileRef = 42B0A8B92012852500FE4872 /* Assets.xcassets */; };
		42B0A8BD2012852500FE4872 /* LaunchScreen.storyboard in Resources */ = {isa = PBXBuildFile; fileRef = 42B0A8BB2012852500FE4872 /* LaunchScreen.storyboard */; };
		42B0A8C82012852500FE4872 /* iOS_ExampleTests.swift in Sources */ = {isa = PBXBuildFile; fileRef = 42B0A8C72012852500FE4872 /* iOS_ExampleTests.swift */; };
		42B0A8D32012852500FE4872 /* iOS_ExampleUITests.swift in Sources */ = {isa = PBXBuildFile; fileRef = 42B0A8D22012852500FE4872 /* iOS_ExampleUITests.swift */; };
/* End PBXBuildFile section */

/* Begin PBXContainerItemProxy section */
		42B0A8C42012852500FE4872 /* PBXContainerItemProxy */ = {
			isa = PBXContainerItemProxy;
			containerPortal = 42B0A8A72012852500FE4872 /* Project object */;
			proxyType = 1;
			remoteGlobalIDString = 42B0A8AE2012852500FE4872;
			remoteInfo = "iOS Example";
		};
		42B0A8CF2012852500FE4872 /* PBXContainerItemProxy */ = {
			isa = PBXContainerItemProxy;
			containerPortal = 42B0A8A72012852500FE4872 /* Project object */;
			proxyType = 1;
			remoteGlobalIDString = 42B0A8AE2012852500FE4872;
			remoteInfo = "iOS Example";
		};
/* End PBXContainerItemProxy section */

/* Begin PBXFileReference section */
		4235D28420128A6000095D73 /* EtherS.framework */ = {isa = PBXFileReference; explicitFileType = wrapper.framework; path = EtherS.framework; sourceTree = BUILT_PRODUCTS_DIR; };
		42B0A8AF2012852500FE4872 /* iOS Example.app */ = {isa = PBXFileReference; explicitFileType = wrapper.application; includeInIndex = 0; path = "iOS Example.app"; sourceTree = BUILT_PRODUCTS_DIR; };
		42B0A8B22012852500FE4872 /* AppDelegate.swift */ = {isa = PBXFileReference; lastKnownFileType = sourcecode.swift; path = AppDelegate.swift; sourceTree = "<group>"; };
		42B0A8B42012852500FE4872 /* ViewController.swift */ = {isa = PBXFileReference; lastKnownFileType = sourcecode.swift; path = ViewController.swift; sourceTree = "<group>"; };
		42B0A8B72012852500FE4872 /* Base */ = {isa = PBXFileReference; lastKnownFileType = file.storyboard; name = Base; path = Base.lproj/Main.storyboard; sourceTree = "<group>"; };
		42B0A8B92012852500FE4872 /* Assets.xcassets */ = {isa = PBXFileReference; lastKnownFileType = folder.assetcatalog; path = Assets.xcassets; sourceTree = "<group>"; };
		42B0A8BC2012852500FE4872 /* Base */ = {isa = PBXFileReference; lastKnownFileType = file.storyboard; name = Base; path = Base.lproj/LaunchScreen.storyboard; sourceTree = "<group>"; };
		42B0A8BE2012852500FE4872 /* Info.plist */ = {isa = PBXFileReference; lastKnownFileType = text.plist.xml; path = Info.plist; sourceTree = "<group>"; };
		42B0A8C32012852500FE4872 /* iOS ExampleTests.xctest */ = {isa = PBXFileReference; explicitFileType = wrapper.cfbundle; includeInIndex = 0; path = "iOS ExampleTests.xctest"; sourceTree = BUILT_PRODUCTS_DIR; };
		42B0A8C72012852500FE4872 /* iOS_ExampleTests.swift */ = {isa = PBXFileReference; lastKnownFileType = sourcecode.swift; path = iOS_ExampleTests.swift; sourceTree = "<group>"; };
		42B0A8C92012852500FE4872 /* Info.plist */ = {isa = PBXFileReference; lastKnownFileType = text.plist.xml; path = Info.plist; sourceTree = "<group>"; };
		42B0A8CE2012852500FE4872 /* iOS ExampleUITests.xctest */ = {isa = PBXFileReference; explicitFileType = wrapper.cfbundle; includeInIndex = 0; path = "iOS ExampleUITests.xctest"; sourceTree = BUILT_PRODUCTS_DIR; };
		42B0A8D22012852500FE4872 /* iOS_ExampleUITests.swift */ = {isa = PBXFileReference; lastKnownFileType = sourcecode.swift; path = iOS_ExampleUITests.swift; sourceTree = "<group>"; };
		42B0A8D42012852500FE4872 /* Info.plist */ = {isa = PBXFileReference; lastKnownFileType = text.plist.xml; path = Info.plist; sourceTree = "<group>"; };
/* End PBXFileReference section */

/* Begin PBXFrameworksBuildPhase section */
		42B0A8AC2012852500FE4872 /* Frameworks */ = {
			isa = PBXFrameworksBuildPhase;
			buildActionMask = 2147483647;
			files = (
				4235D28320128A6000095D73 /* EtherS.framework in Frameworks */,
			);
			runOnlyForDeploymentPostprocessing = 0;
		};
		42B0A8C02012852500FE4872 /* Frameworks */ = {
			isa = PBXFrameworksBuildPhase;
			buildActionMask = 2147483647;
			files = (
			);
			runOnlyForDeploymentPostprocessing = 0;
		};
		42B0A8CB2012852500FE4872 /* Frameworks */ = {
			isa = PBXFrameworksBuildPhase;
			buildActionMask = 2147483647;
			files = (
			);
			runOnlyForDeploymentPostprocessing = 0;
		};
/* End PBXFrameworksBuildPhase section */

/* Begin PBXGroup section */
		4235D28220128A6000095D73 /* Frameworks */ = {
			isa = PBXGroup;
			children = (
				4235D28420128A6000095D73 /* EtherS.framework */,
			);
			name = Frameworks;
			sourceTree = "<group>";
		};
		42B0A8A62012852500FE4872 = {
			isa = PBXGroup;
			children = (
				42B0A8B12012852500FE4872 /* iOS Example */,
				42B0A8C62012852500FE4872 /* iOS ExampleTests */,
				42B0A8D12012852500FE4872 /* iOS ExampleUITests */,
				42B0A8B02012852500FE4872 /* Products */,
				4235D28220128A6000095D73 /* Frameworks */,
			);
			sourceTree = "<group>";
		};
		42B0A8B02012852500FE4872 /* Products */ = {
			isa = PBXGroup;
			children = (
				42B0A8AF2012852500FE4872 /* iOS Example.app */,
				42B0A8C32012852500FE4872 /* iOS ExampleTests.xctest */,
				42B0A8CE2012852500FE4872 /* iOS ExampleUITests.xctest */,
			);
			name = Products;
			sourceTree = "<group>";
		};
		42B0A8B12012852500FE4872 /* iOS Example */ = {
			isa = PBXGroup;
			children = (
				42B0A8B22012852500FE4872 /* AppDelegate.swift */,
				42B0A8B42012852500FE4872 /* ViewController.swift */,
				42B0A8B62012852500FE4872 /* Main.storyboard */,
				42B0A8B92012852500FE4872 /* Assets.xcassets */,
				42B0A8BB2012852500FE4872 /* LaunchScreen.storyboard */,
				42B0A8BE2012852500FE4872 /* Info.plist */,
			);
			path = "iOS Example";
			sourceTree = "<group>";
		};
		42B0A8C62012852500FE4872 /* iOS ExampleTests */ = {
			isa = PBXGroup;
			children = (
				42B0A8C72012852500FE4872 /* iOS_ExampleTests.swift */,
				42B0A8C92012852500FE4872 /* Info.plist */,
			);
			path = "iOS ExampleTests";
			sourceTree = "<group>";
		};
		42B0A8D12012852500FE4872 /* iOS ExampleUITests */ = {
			isa = PBXGroup;
			children = (
				42B0A8D22012852500FE4872 /* iOS_ExampleUITests.swift */,
				42B0A8D42012852500FE4872 /* Info.plist */,
			);
			path = "iOS ExampleUITests";
			sourceTree = "<group>";
		};
/* End PBXGroup section */

/* Begin PBXNativeTarget section */
		42B0A8AE2012852500FE4872 /* iOS Example */ = {
			isa = PBXNativeTarget;
			buildConfigurationList = 42B0A8D72012852500FE4872 /* Build configuration list for PBXNativeTarget "iOS Example" */;
			buildPhases = (
				42B0A8AB2012852500FE4872 /* Sources */,
				42B0A8AC2012852500FE4872 /* Frameworks */,
				42B0A8AD2012852500FE4872 /* Resources */,
			);
			buildRules = (
			);
			dependencies = (
			);
			name = "iOS Example";
			productName = "iOS Example";
			productReference = 42B0A8AF2012852500FE4872 /* iOS Example.app */;
			productType = "com.apple.product-type.application";
		};
		42B0A8C22012852500FE4872 /* iOS ExampleTests */ = {
			isa = PBXNativeTarget;
			buildConfigurationList = 42B0A8DA2012852500FE4872 /* Build configuration list for PBXNativeTarget "iOS ExampleTests" */;
			buildPhases = (
				42B0A8BF2012852500FE4872 /* Sources */,
				42B0A8C02012852500FE4872 /* Frameworks */,
				42B0A8C12012852500FE4872 /* Resources */,
			);
			buildRules = (
			);
			dependencies = (
				42B0A8C52012852500FE4872 /* PBXTargetDependency */,
			);
			name = "iOS ExampleTests";
			productName = "iOS ExampleTests";
			productReference = 42B0A8C32012852500FE4872 /* iOS ExampleTests.xctest */;
			productType = "com.apple.product-type.bundle.unit-test";
		};
		42B0A8CD2012852500FE4872 /* iOS ExampleUITests */ = {
			isa = PBXNativeTarget;
			buildConfigurationList = 42B0A8DD2012852500FE4872 /* Build configuration list for PBXNativeTarget "iOS ExampleUITests" */;
			buildPhases = (
				42B0A8CA2012852500FE4872 /* Sources */,
				42B0A8CB2012852500FE4872 /* Frameworks */,
				42B0A8CC2012852500FE4872 /* Resources */,
			);
			buildRules = (
			);
			dependencies = (
				42B0A8D02012852500FE4872 /* PBXTargetDependency */,
			);
			name = "iOS ExampleUITests";
			productName = "iOS ExampleUITests";
			productReference = 42B0A8CE2012852500FE4872 /* iOS ExampleUITests.xctest */;
			productType = "com.apple.product-type.bundle.ui-testing";
		};
/* End PBXNativeTarget section */

/* Begin PBXProject section */
		42B0A8A72012852500FE4872 /* Project object */ = {
			isa = PBXProject;
			attributes = {
				LastSwiftUpdateCheck = 0920;
				LastUpgradeCheck = 0920;
				ORGANIZATIONNAME = "Radical App LLC";
				TargetAttributes = {
					42B0A8AE2012852500FE4872 = {
						CreatedOnToolsVersion = 9.2;
						ProvisioningStyle = Automatic;
					};
					42B0A8C22012852500FE4872 = {
						CreatedOnToolsVersion = 9.2;
						ProvisioningStyle = Automatic;
						TestTargetID = 42B0A8AE2012852500FE4872;
					};
					42B0A8CD2012852500FE4872 = {
						CreatedOnToolsVersion = 9.2;
						ProvisioningStyle = Automatic;
						TestTargetID = 42B0A8AE2012852500FE4872;
					};
				};
			};
			buildConfigurationList = 42B0A8AA2012852500FE4872 /* Build configuration list for PBXProject "iOS Example" */;
			compatibilityVersion = "Xcode 8.0";
			developmentRegion = en;
			hasScannedForEncodings = 0;
			knownRegions = (
				en,
				Base,
			);
			mainGroup = 42B0A8A62012852500FE4872;
			productRefGroup = 42B0A8B02012852500FE4872 /* Products */;
			projectDirPath = "";
			projectRoot = "";
			targets = (
				42B0A8AE2012852500FE4872 /* iOS Example */,
				42B0A8C22012852500FE4872 /* iOS ExampleTests */,
				42B0A8CD2012852500FE4872 /* iOS ExampleUITests */,
			);
		};
/* End PBXProject section */

/* Begin PBXResourcesBuildPhase section */
		42B0A8AD2012852500FE4872 /* Resources */ = {
			isa = PBXResourcesBuildPhase;
			buildActionMask = 2147483647;
			files = (
				42B0A8BD2012852500FE4872 /* LaunchScreen.storyboard in Resources */,
				42B0A8BA2012852500FE4872 /* Assets.xcassets in Resources */,
				42B0A8B82012852500FE4872 /* Main.storyboard in Resources */,
			);
			runOnlyForDeploymentPostprocessing = 0;
		};
		42B0A8C12012852500FE4872 /* Resources */ = {
			isa = PBXResourcesBuildPhase;
			buildActionMask = 2147483647;
			files = (
			);
			runOnlyForDeploymentPostprocessing = 0;
		};
		42B0A8CC2012852500FE4872 /* Resources */ = {
			isa = PBXResourcesBuildPhase;
			buildActionMask = 2147483647;
			files = (
			);
			runOnlyForDeploymentPostprocessing = 0;
		};
/* End PBXResourcesBuildPhase section */

/* Begin PBXSourcesBuildPhase section */
		42B0A8AB2012852500FE4872 /* Sources */ = {
			isa = PBXSourcesBuildPhase;
			buildActionMask = 2147483647;
			files = (
				42B0A8B52012852500FE4872 /* ViewController.swift in Sources */,
				42B0A8B32012852500FE4872 /* AppDelegate.swift in Sources */,
			);
			runOnlyForDeploymentPostprocessing = 0;
		};
		42B0A8BF2012852500FE4872 /* Sources */ = {
			isa = PBXSourcesBuildPhase;
			buildActionMask = 2147483647;
			files = (
				42B0A8C82012852500FE4872 /* iOS_ExampleTests.swift in Sources */,
			);
			runOnlyForDeploymentPostprocessing = 0;
		};
		42B0A8CA2012852500FE4872 /* Sources */ = {
			isa = PBXSourcesBuildPhase;
			buildActionMask = 2147483647;
			files = (
				42B0A8D32012852500FE4872 /* iOS_ExampleUITests.swift in Sources */,
			);
			runOnlyForDeploymentPostprocessing = 0;
		};
/* End PBXSourcesBuildPhase section */

/* Begin PBXTargetDependency section */
		42B0A8C52012852500FE4872 /* PBXTargetDependency */ = {
			isa = PBXTargetDependency;
			target = 42B0A8AE2012852500FE4872 /* iOS Example */;
			targetProxy = 42B0A8C42012852500FE4872 /* PBXContainerItemProxy */;
		};
		42B0A8D02012852500FE4872 /* PBXTargetDependency */ = {
			isa = PBXTargetDependency;
			target = 42B0A8AE2012852500FE4872 /* iOS Example */;
			targetProxy = 42B0A8CF2012852500FE4872 /* PBXContainerItemProxy */;
		};
/* End PBXTargetDependency section */

/* Begin PBXVariantGroup section */
		42B0A8B62012852500FE4872 /* Main.storyboard */ = {
			isa = PBXVariantGroup;
			children = (
				42B0A8B72012852500FE4872 /* Base */,
			);
			name = Main.storyboard;
			sourceTree = "<group>";
		};
		42B0A8BB2012852500FE4872 /* LaunchScreen.storyboard */ = {
			isa = PBXVariantGroup;
			children = (
				42B0A8BC2012852500FE4872 /* Base */,
			);
			name = LaunchScreen.storyboard;
			sourceTree = "<group>";
		};
/* End PBXVariantGroup section */

/* Begin XCBuildConfiguration section */
		42B0A8D52012852500FE4872 /* Debug */ = {
			isa = XCBuildConfiguration;
			buildSettings = {
				ALWAYS_SEARCH_USER_PATHS = NO;
				CLANG_ANALYZER_NONNULL = YES;
				CLANG_ANALYZER_NUMBER_OBJECT_CONVERSION = YES_AGGRESSIVE;
				CLANG_CXX_LANGUAGE_STANDARD = "gnu++14";
				CLANG_CXX_LIBRARY = "libc++";
				CLANG_ENABLE_MODULES = YES;
				CLANG_ENABLE_OBJC_ARC = YES;
				CLANG_WARN_BLOCK_CAPTURE_AUTORELEASING = YES;
				CLANG_WARN_BOOL_CONVERSION = YES;
				CLANG_WARN_COMMA = YES;
				CLANG_WARN_CONSTANT_CONVERSION = YES;
				CLANG_WARN_DIRECT_OBJC_ISA_USAGE = YES_ERROR;
				CLANG_WARN_DOCUMENTATION_COMMENTS = YES;
				CLANG_WARN_EMPTY_BODY = YES;
				CLANG_WARN_ENUM_CONVERSION = YES;
				CLANG_WARN_INFINITE_RECURSION = YES;
				CLANG_WARN_INT_CONVERSION = YES;
				CLANG_WARN_NON_LITERAL_NULL_CONVERSION = YES;
				CLANG_WARN_OBJC_LITERAL_CONVERSION = YES;
				CLANG_WARN_OBJC_ROOT_CLASS = YES_ERROR;
				CLANG_WARN_RANGE_LOOP_ANALYSIS = YES;
				CLANG_WARN_STRICT_PROTOTYPES = YES;
				CLANG_WARN_SUSPICIOUS_MOVE = YES;
				CLANG_WARN_UNGUARDED_AVAILABILITY = YES_AGGRESSIVE;
				CLANG_WARN_UNREACHABLE_CODE = YES;
				CLANG_WARN__DUPLICATE_METHOD_MATCH = YES;
				CODE_SIGN_IDENTITY = "iPhone Developer";
				COPY_PHASE_STRIP = NO;
				DEBUG_INFORMATION_FORMAT = dwarf;
				ENABLE_STRICT_OBJC_MSGSEND = YES;
				ENABLE_TESTABILITY = YES;
				GCC_C_LANGUAGE_STANDARD = gnu11;
				GCC_DYNAMIC_NO_PIC = NO;
				GCC_NO_COMMON_BLOCKS = YES;
				GCC_OPTIMIZATION_LEVEL = 0;
				GCC_PREPROCESSOR_DEFINITIONS = (
					"DEBUG=1",
					"$(inherited)",
				);
				GCC_WARN_64_TO_32_BIT_CONVERSION = YES;
				GCC_WARN_ABOUT_RETURN_TYPE = YES_ERROR;
				GCC_WARN_UNDECLARED_SELECTOR = YES;
				GCC_WARN_UNINITIALIZED_AUTOS = YES_AGGRESSIVE;
				GCC_WARN_UNUSED_FUNCTION = YES;
				GCC_WARN_UNUSED_VARIABLE = YES;
				IPHONEOS_DEPLOYMENT_TARGET = 11.2;
				MTL_ENABLE_DEBUG_INFO = YES;
				ONLY_ACTIVE_ARCH = YES;
				SDKROOT = iphoneos;
				SWIFT_ACTIVE_COMPILATION_CONDITIONS = DEBUG;
				SWIFT_OPTIMIZATION_LEVEL = "-Onone";
			};
			name = Debug;
		};
		42B0A8D62012852500FE4872 /* Release */ = {
			isa = XCBuildConfiguration;
			buildSettings = {
				ALWAYS_SEARCH_USER_PATHS = NO;
				CLANG_ANALYZER_NONNULL = YES;
				CLANG_ANALYZER_NUMBER_OBJECT_CONVERSION = YES_AGGRESSIVE;
				CLANG_CXX_LANGUAGE_STANDARD = "gnu++14";
				CLANG_CXX_LIBRARY = "libc++";
				CLANG_ENABLE_MODULES = YES;
				CLANG_ENABLE_OBJC_ARC = YES;
				CLANG_WARN_BLOCK_CAPTURE_AUTORELEASING = YES;
				CLANG_WARN_BOOL_CONVERSION = YES;
				CLANG_WARN_COMMA = YES;
				CLANG_WARN_CONSTANT_CONVERSION = YES;
				CLANG_WARN_DIRECT_OBJC_ISA_USAGE = YES_ERROR;
				CLANG_WARN_DOCUMENTATION_COMMENTS = YES;
				CLANG_WARN_EMPTY_BODY = YES;
				CLANG_WARN_ENUM_CONVERSION = YES;
				CLANG_WARN_INFINITE_RECURSION = YES;
				CLANG_WARN_INT_CONVERSION = YES;
				CLANG_WARN_NON_LITERAL_NULL_CONVERSION = YES;
				CLANG_WARN_OBJC_LITERAL_CONVERSION = YES;
				CLANG_WARN_OBJC_ROOT_CLASS = YES_ERROR;
				CLANG_WARN_RANGE_LOOP_ANALYSIS = YES;
				CLANG_WARN_STRICT_PROTOTYPES = YES;
				CLANG_WARN_SUSPICIOUS_MOVE = YES;
				CLANG_WARN_UNGUARDED_AVAILABILITY = YES_AGGRESSIVE;
				CLANG_WARN_UNREACHABLE_CODE = YES;
				CLANG_WARN__DUPLICATE_METHOD_MATCH = YES;
				CODE_SIGN_IDENTITY = "iPhone Developer";
				COPY_PHASE_STRIP = NO;
				DEBUG_INFORMATION_FORMAT = "dwarf-with-dsym";
				ENABLE_NS_ASSERTIONS = NO;
				ENABLE_STRICT_OBJC_MSGSEND = YES;
				GCC_C_LANGUAGE_STANDARD = gnu11;
				GCC_NO_COMMON_BLOCKS = YES;
				GCC_WARN_64_TO_32_BIT_CONVERSION = YES;
				GCC_WARN_ABOUT_RETURN_TYPE = YES_ERROR;
				GCC_WARN_UNDECLARED_SELECTOR = YES;
				GCC_WARN_UNINITIALIZED_AUTOS = YES_AGGRESSIVE;
				GCC_WARN_UNUSED_FUNCTION = YES;
				GCC_WARN_UNUSED_VARIABLE = YES;
				IPHONEOS_DEPLOYMENT_TARGET = 11.2;
				MTL_ENABLE_DEBUG_INFO = NO;
				SDKROOT = iphoneos;
				SWIFT_OPTIMIZATION_LEVEL = "-Owholemodule";
				VALIDATE_PRODUCT = YES;
			};
			name = Release;
		};
		42B0A8D82012852500FE4872 /* Debug */ = {
			isa = XCBuildConfiguration;
			buildSettings = {
				ASSETCATALOG_COMPILER_APPICON_NAME = AppIcon;
				CODE_SIGN_STYLE = Automatic;
				DEVELOPMENT_TEAM = 3K22BUS8RL;
				INFOPLIST_FILE = "iOS Example/Info.plist";
				LD_RUNPATH_SEARCH_PATHS = "$(inherited) @executable_path/Frameworks";
				PRODUCT_BUNDLE_IDENTIFIER = "com.radicalapp.iOS-Example";
				PRODUCT_NAME = "$(TARGET_NAME)";
				SWIFT_VERSION = 4.0;
				TARGETED_DEVICE_FAMILY = "1,2";
			};
			name = Debug;
		};
		42B0A8D92012852500FE4872 /* Release */ = {
			isa = XCBuildConfiguration;
			buildSettings = {
				ASSETCATALOG_COMPILER_APPICON_NAME = AppIcon;
				CODE_SIGN_STYLE = Automatic;
				DEVELOPMENT_TEAM = 3K22BUS8RL;
				INFOPLIST_FILE = "iOS Example/Info.plist";
				LD_RUNPATH_SEARCH_PATHS = "$(inherited) @executable_path/Frameworks";
				PRODUCT_BUNDLE_IDENTIFIER = "com.radicalapp.iOS-Example";
				PRODUCT_NAME = "$(TARGET_NAME)";
				SWIFT_VERSION = 4.0;
				TARGETED_DEVICE_FAMILY = "1,2";
			};
			name = Release;
		};
		42B0A8DB2012852500FE4872 /* Debug */ = {
			isa = XCBuildConfiguration;
			buildSettings = {
				ALWAYS_EMBED_SWIFT_STANDARD_LIBRARIES = YES;
				BUNDLE_LOADER = "$(TEST_HOST)";
				CODE_SIGN_STYLE = Automatic;
				DEVELOPMENT_TEAM = 3K22BUS8RL;
				INFOPLIST_FILE = "iOS ExampleTests/Info.plist";
				LD_RUNPATH_SEARCH_PATHS = "$(inherited) @executable_path/Frameworks @loader_path/Frameworks";
				PRODUCT_BUNDLE_IDENTIFIER = "com.radicalapp.iOS-ExampleTests";
				PRODUCT_NAME = "$(TARGET_NAME)";
				SWIFT_VERSION = 4.0;
				TARGETED_DEVICE_FAMILY = "1,2";
				TEST_HOST = "$(BUILT_PRODUCTS_DIR)/iOS Example.app/iOS Example";
			};
			name = Debug;
		};
		42B0A8DC2012852500FE4872 /* Release */ = {
			isa = XCBuildConfiguration;
			buildSettings = {
				ALWAYS_EMBED_SWIFT_STANDARD_LIBRARIES = YES;
				BUNDLE_LOADER = "$(TEST_HOST)";
				CODE_SIGN_STYLE = Automatic;
				DEVELOPMENT_TEAM = 3K22BUS8RL;
				INFOPLIST_FILE = "iOS ExampleTests/Info.plist";
				LD_RUNPATH_SEARCH_PATHS = "$(inherited) @executable_path/Frameworks @loader_path/Frameworks";
				PRODUCT_BUNDLE_IDENTIFIER = "com.radicalapp.iOS-ExampleTests";
				PRODUCT_NAME = "$(TARGET_NAME)";
				SWIFT_VERSION = 4.0;
				TARGETED_DEVICE_FAMILY = "1,2";
				TEST_HOST = "$(BUILT_PRODUCTS_DIR)/iOS Example.app/iOS Example";
			};
			name = Release;
		};
		42B0A8DE2012852500FE4872 /* Debug */ = {
			isa = XCBuildConfiguration;
			buildSettings = {
				ALWAYS_EMBED_SWIFT_STANDARD_LIBRARIES = YES;
				CODE_SIGN_STYLE = Automatic;
				DEVELOPMENT_TEAM = 3K22BUS8RL;
				INFOPLIST_FILE = "iOS ExampleUITests/Info.plist";
				LD_RUNPATH_SEARCH_PATHS = "$(inherited) @executable_path/Frameworks @loader_path/Frameworks";
				PRODUCT_BUNDLE_IDENTIFIER = "com.radicalapp.iOS-ExampleUITests";
				PRODUCT_NAME = "$(TARGET_NAME)";
				SWIFT_VERSION = 4.0;
				TARGETED_DEVICE_FAMILY = "1,2";
				TEST_TARGET_NAME = "iOS Example";
			};
			name = Debug;
		};
		42B0A8DF2012852500FE4872 /* Release */ = {
			isa = XCBuildConfiguration;
			buildSettings = {
				ALWAYS_EMBED_SWIFT_STANDARD_LIBRARIES = YES;
				CODE_SIGN_STYLE = Automatic;
				DEVELOPMENT_TEAM = 3K22BUS8RL;
				INFOPLIST_FILE = "iOS ExampleUITests/Info.plist";
				LD_RUNPATH_SEARCH_PATHS = "$(inherited) @executable_path/Frameworks @loader_path/Frameworks";
				PRODUCT_BUNDLE_IDENTIFIER = "com.radicalapp.iOS-ExampleUITests";
				PRODUCT_NAME = "$(TARGET_NAME)";
				SWIFT_VERSION = 4.0;
				TARGETED_DEVICE_FAMILY = "1,2";
				TEST_TARGET_NAME = "iOS Example";
			};
			name = Release;
		};
/* End XCBuildConfiguration section */

/* Begin XCConfigurationList section */
		42B0A8AA2012852500FE4872 /* Build configuration list for PBXProject "iOS Example" */ = {
			isa = XCConfigurationList;
			buildConfigurations = (
				42B0A8D52012852500FE4872 /* Debug */,
				42B0A8D62012852500FE4872 /* Release */,
			);
			defaultConfigurationIsVisible = 0;
			defaultConfigurationName = Release;
		};
		42B0A8D72012852500FE4872 /* Build configuration list for PBXNativeTarget "iOS Example" */ = {
			isa = XCConfigurationList;
			buildConfigurations = (
				42B0A8D82012852500FE4872 /* Debug */,
				42B0A8D92012852500FE4872 /* Release */,
			);
			defaultConfigurationIsVisible = 0;
			defaultConfigurationName = Release;
		};
		42B0A8DA2012852500FE4872 /* Build configuration list for PBXNativeTarget "iOS ExampleTests" */ = {
			isa = XCConfigurationList;
			buildConfigurations = (
				42B0A8DB2012852500FE4872 /* Debug */,
				42B0A8DC2012852500FE4872 /* Release */,
			);
			defaultConfigurationIsVisible = 0;
			defaultConfigurationName = Release;
		};
		42B0A8DD2012852500FE4872 /* Build configuration list for PBXNativeTarget "iOS ExampleUITests" */ = {
			isa = XCConfigurationList;
			buildConfigurations = (
				42B0A8DE2012852500FE4872 /* Debug */,
				42B0A8DF2012852500FE4872 /* Release */,
			);
			defaultConfigurationIsVisible = 0;
			defaultConfigurationName = Release;
		};
/* End XCConfigurationList section */
	};
	rootObject = 42B0A8A72012852500FE4872 /* Project object */;
}
